
Microsoft Visual Studio Solution File, Format Version 12.00
# Visual Studio 15
VisualStudioVersion = 15.0.27703.2042
MinimumVisualStudioVersion = 10.0.40219.1
Project("{FAE04EC0-301F-11D3-BF4B-00C04F79EFBC}") = "EShop.Presentation", "EShop.Presentation\EShop.Presentation.csproj", "{0E1820E4-02AA-4004-932D-3735F50D3153}"
EndProject
Global
	GlobalSection(SolutionConfigurationPlatforms) = preSolution
		Debug|Any CPU = Debug|Any CPU
		Release|Any CPU = Release|Any CPU
	EndGlobalSection
	GlobalSection(ProjectConfigurationPlatforms) = postSolution
		{0E1820E4-02AA-4004-932D-3735F50D3153}.Debug|Any CPU.ActiveCfg = Debug|Any CPU
		{0E1820E4-02AA-4004-932D-3735F50D3153}.Debug|Any CPU.Build.0 = Debug|Any CPU
		{0E1820E4-02AA-4004-932D-3735F50D3153}.Release|Any CPU.ActiveCfg = Release|Any CPU
		{0E1820E4-02AA-4004-932D-3735F50D3153}.Release|Any CPU.Build.0 = Release|Any CPU
	EndGlobalSection
	GlobalSection(SolutionProperties) = preSolution
		HideSolutionNode = FALSE
	EndGlobalSection
	GlobalSection(ExtensibilityGlobals) = postSolution
		SolutionGuid = {49409F90-74D1-48A0-ACE8-2CA6557F95BC}
	EndGlobalSection
EndGlobal
